
Microsoft Visual Studio Solution File, Format Version 12.00
# Visual Studio Version 16
VisualStudioVersion = 16.0.29519.181
MinimumVisualStudioVersion = 10.0.40219.1
Project("{FAE04EC0-301F-11D3-BF4B-00C04F79EFBC}") = "CRM.BusinessLogic", "CRM.BussinessLogic\CRM.BusinessLogic.csproj", "{4CCCDAF5-D122-4BD2-9876-9ADC58F4BBD3}"
EndProject
Project("{FAE04EC0-301F-11D3-BF4B-00C04F79EFBC}") = "CRM.UI", "CRM.UI\CRM.UI.csproj", "{C22DACCD-A32F-4727-BF07-76FA21B55677}"
EndProject
Global
	GlobalSection(SolutionConfigurationPlatforms) = preSolution
		Debug|Any CPU = Debug|Any CPU
		Release|Any CPU = Release|Any CPU
	EndGlobalSection
	GlobalSection(ProjectConfigurationPlatforms) = postSolution
		{4CCCDAF5-D122-4BD2-9876-9ADC58F4BBD3}.Debug|Any CPU.ActiveCfg = Debug|Any CPU
		{4CCCDAF5-D122-4BD2-9876-9ADC58F4BBD3}.Debug|Any CPU.Build.0 = Debug|Any CPU
		{4CCCDAF5-D122-4BD2-9876-9ADC58F4BBD3}.Release|Any CPU.ActiveCfg = Release|Any CPU
		{4CCCDAF5-D122-4BD2-9876-9ADC58F4BBD3}.Release|Any CPU.Build.0 = Release|Any CPU
		{C22DACCD-A32F-4727-BF07-76FA21B55677}.Debug|Any CPU.ActiveCfg = Debug|Any CPU
		{C22DACCD-A32F-4727-BF07-76FA21B55677}.Debug|Any CPU.Build.0 = Debug|Any CPU
		{C22DACCD-A32F-4727-BF07-76FA21B55677}.Release|Any CPU.ActiveCfg = Release|Any CPU
		{C22DACCD-A32F-4727-BF07-76FA21B55677}.Release|Any CPU.Build.0 = Release|Any CPU
	EndGlobalSection
	GlobalSection(SolutionProperties) = preSolution
		HideSolutionNode = FALSE
	EndGlobalSection
	GlobalSection(ExtensibilityGlobals) = postSolution
		SolutionGuid = {617CA779-7FEF-4A2B-8457-FE4756B7742C}
	EndGlobalSection
EndGlobal
